
Microsoft Visual Studio Solution File, Format Version 12.00
# Visual Studio 15
VisualStudioVersion = 15.0.26124.0
MinimumVisualStudioVersion = 15.0.26124.0
Project("{FAE04EC0-301F-11D3-BF4B-00C04F79EFBC}") = "QuickNote_Web", "QuickNote_Web\QuickNote_Web.csproj", "{E2A76004-585A-47D7-B91D-00E668F0DD62}"
EndProject
Project("{FAE04EC0-301F-11D3-BF4B-00C04F79EFBC}") = "QuickNote_Data", "QuickNote_Data\QuickNote_Data.csproj", "{196627FE-6684-453B-9CED-71AD57CFE283}"
EndProject
Project("{FAE04EC0-301F-11D3-BF4B-00C04F79EFBC}") = "QuickNote_Services", "QuickNote_Services\QuickNote_Services.csproj", "{9760F84F-3EE1-4C39-851C-D0BD3F5C763E}"
EndProject
Project("{FAE04EC0-301F-11D3-BF4B-00C04F79EFBC}") = "QuickNote_Models", "QuickNote_Models\QuickNote_Models.csproj", "{1807FAFB-19FE-4837-8C97-AB05C23C0BE2}"
EndProject
Global
	GlobalSection(SolutionConfigurationPlatforms) = preSolution
		Debug|Any CPU = Debug|Any CPU
		Debug|x64 = Debug|x64
		Debug|x86 = Debug|x86
		Release|Any CPU = Release|Any CPU
		Release|x64 = Release|x64
		Release|x86 = Release|x86
	EndGlobalSection
	GlobalSection(SolutionProperties) = preSolution
		HideSolutionNode = FALSE
	EndGlobalSection
	GlobalSection(ProjectConfigurationPlatforms) = postSolution
		{E2A76004-585A-47D7-B91D-00E668F0DD62}.Debug|Any CPU.ActiveCfg = Debug|Any CPU
		{E2A76004-585A-47D7-B91D-00E668F0DD62}.Debug|Any CPU.Build.0 = Debug|Any CPU
		{E2A76004-585A-47D7-B91D-00E668F0DD62}.Debug|x64.ActiveCfg = Debug|Any CPU
		{E2A76004-585A-47D7-B91D-00E668F0DD62}.Debug|x64.Build.0 = Debug|Any CPU
		{E2A76004-585A-47D7-B91D-00E668F0DD62}.Debug|x86.ActiveCfg = Debug|Any CPU
		{E2A76004-585A-47D7-B91D-00E668F0DD62}.Debug|x86.Build.0 = Debug|Any CPU
		{E2A76004-585A-47D7-B91D-00E668F0DD62}.Release|Any CPU.ActiveCfg = Release|Any CPU
		{E2A76004-585A-47D7-B91D-00E668F0DD62}.Release|Any CPU.Build.0 = Release|Any CPU
		{E2A76004-585A-47D7-B91D-00E668F0DD62}.Release|x64.ActiveCfg = Release|Any CPU
		{E2A76004-585A-47D7-B91D-00E668F0DD62}.Release|x64.Build.0 = Release|Any CPU
		{E2A76004-585A-47D7-B91D-00E668F0DD62}.Release|x86.ActiveCfg = Release|Any CPU
		{E2A76004-585A-47D7-B91D-00E668F0DD62}.Release|x86.Build.0 = Release|Any CPU
		{196627FE-6684-453B-9CED-71AD57CFE283}.Debug|Any CPU.ActiveCfg = Debug|Any CPU
		{196627FE-6684-453B-9CED-71AD57CFE283}.Debug|Any CPU.Build.0 = Debug|Any CPU
		{196627FE-6684-453B-9CED-71AD57CFE283}.Debug|x64.ActiveCfg = Debug|Any CPU
		{196627FE-6684-453B-9CED-71AD57CFE283}.Debug|x64.Build.0 = Debug|Any CPU
		{196627FE-6684-453B-9CED-71AD57CFE283}.Debug|x86.ActiveCfg = Debug|Any CPU
		{196627FE-6684-453B-9CED-71AD57CFE283}.Debug|x86.Build.0 = Debug|Any CPU
		{196627FE-6684-453B-9CED-71AD57CFE283}.Release|Any CPU.ActiveCfg = Release|Any CPU
		{196627FE-6684-453B-9CED-71AD57CFE283}.Release|Any CPU.Build.0 = Release|Any CPU
		{196627FE-6684-453B-9CED-71AD57CFE283}.Release|x64.ActiveCfg = Release|Any CPU
		{196627FE-6684-453B-9CED-71AD57CFE283}.Release|x64.Build.0 = Release|Any CPU
		{196627FE-6684-453B-9CED-71AD57CFE283}.Release|x86.ActiveCfg = Release|Any CPU
		{196627FE-6684-453B-9CED-71AD57CFE283}.Release|x86.Build.0 = Release|Any CPU
		{9760F84F-3EE1-4C39-851C-D0BD3F5C763E}.Debug|Any CPU.ActiveCfg = Debug|Any CPU
		{9760F84F-3EE1-4C39-851C-D0BD3F5C763E}.Debug|Any CPU.Build.0 = Debug|Any CPU
		{9760F84F-3EE1-4C39-851C-D0BD3F5C763E}.Debug|x64.ActiveCfg = Debug|Any CPU
		{9760F84F-3EE1-4C39-851C-D0BD3F5C763E}.Debug|x64.Build.0 = Debug|Any CPU
		{9760F84F-3EE1-4C39-851C-D0BD3F5C763E}.Debug|x86.ActiveCfg = Debug|Any CPU
		{9760F84F-3EE1-4C39-851C-D0BD3F5C763E}.Debug|x86.Build.0 = Debug|Any CPU
		{9760F84F-3EE1-4C39-851C-D0BD3F5C763E}.Release|Any CPU.ActiveCfg = Release|Any CPU
		{9760F84F-3EE1-4C39-851C-D0BD3F5C763E}.Release|Any CPU.Build.0 = Release|Any CPU
		{9760F84F-3EE1-4C39-851C-D0BD3F5C763E}.Release|x64.ActiveCfg = Release|Any CPU
		{9760F84F-3EE1-4C39-851C-D0BD3F5C763E}.Release|x64.Build.0 = Release|Any CPU
		{9760F84F-3EE1-4C39-851C-D0BD3F5C763E}.Release|x86.ActiveCfg = Release|Any CPU
		{9760F84F-3EE1-4C39-851C-D0BD3F5C763E}.Release|x86.Build.0 = Release|Any CPU
		{1807FAFB-19FE-4837-8C97-AB05C23C0BE2}.Debug|Any CPU.ActiveCfg = Debug|Any CPU
		{1807FAFB-19FE-4837-8C97-AB05C23C0BE2}.Debug|Any CPU.Build.0 = Debug|Any CPU
		{1807FAFB-19FE-4837-8C97-AB05C23C0BE2}.Debug|x64.ActiveCfg = Debug|Any CPU
		{1807FAFB-19FE-4837-8C97-AB05C23C0BE2}.Debug|x64.Build.0 = Debug|Any CPU
		{1807FAFB-19FE-4837-8C97-AB05C23C0BE2}.Debug|x86.ActiveCfg = Debug|Any CPU
		{1807FAFB-19FE-4837-8C97-AB05C23C0BE2}.Debug|x86.Build.0 = Debug|Any CPU
		{1807FAFB-19FE-4837-8C97-AB05C23C0BE2}.Release|Any CPU.ActiveCfg = Release|Any CPU
		{1807FAFB-19FE-4837-8C97-AB05C23C0BE2}.Release|Any CPU.Build.0 = Release|Any CPU
		{1807FAFB-19FE-4837-8C97-AB05C23C0BE2}.Release|x64.ActiveCfg = Release|Any CPU
		{1807FAFB-19FE-4837-8C97-AB05C23C0BE2}.Release|x64.Build.0 = Release|Any CPU
		{1807FAFB-19FE-4837-8C97-AB05C23C0BE2}.Release|x86.ActiveCfg = Release|Any CPU
		{1807FAFB-19FE-4837-8C97-AB05C23C0BE2}.Release|x86.Build.0 = Release|Any CPU
	EndGlobalSection
EndGlobal
